
Microsoft Visual Studio Solution File, Format Version 12.00
# Visual Studio Version 16
VisualStudioVersion = 16.0.30907.101
MinimumVisualStudioVersion = 10.0.40219.1
Project("{FAE04EC0-301F-11D3-BF4B-00C04F79EFBC}") = "A019_Overflow", "A019_Overflow.csproj", "{E0B20F74-4E15-4E72-AEBF-75F6297D8252}"
EndProject
Global
	GlobalSection(SolutionConfigurationPlatforms) = preSolution
		Debug|Any CPU = Debug|Any CPU
		Release|Any CPU = Release|Any CPU
	EndGlobalSection
	GlobalSection(ProjectConfigurationPlatforms) = postSolution
		{E0B20F74-4E15-4E72-AEBF-75F6297D8252}.Debug|Any CPU.ActiveCfg = Debug|Any CPU
		{E0B20F74-4E15-4E72-AEBF-75F6297D8252}.Debug|Any CPU.Build.0 = Debug|Any CPU
		{E0B20F74-4E15-4E72-AEBF-75F6297D8252}.Release|Any CPU.ActiveCfg = Release|Any CPU
		{E0B20F74-4E15-4E72-AEBF-75F6297D8252}.Release|Any CPU.Build.0 = Release|Any CPU
	EndGlobalSection
	GlobalSection(SolutionProperties) = preSolution
		HideSolutionNode = FALSE
	EndGlobalSection
	GlobalSection(ExtensibilityGlobals) = postSolution
		SolutionGuid = {34EC2AD3-0122-4D86-9ACD-A6DB4FA6C533}
	EndGlobalSection
EndGlobal
