
Microsoft Visual Studio Solution File, Format Version 12.00
# Visual Studio Version 16
VisualStudioVersion = 16.0.30907.101
MinimumVisualStudioVersion = 10.0.40219.1
Project("{FAE04EC0-301F-11D3-BF4B-00C04F79EFBC}") = "A008_ConsoleWriteLineMulti", "A008_ConsoleWriteLineMulti.csproj", "{3BAC87A3-743F-4FC3-BD64-3DDF18720F90}"
EndProject
Global
	GlobalSection(SolutionConfigurationPlatforms) = preSolution
		Debug|Any CPU = Debug|Any CPU
		Release|Any CPU = Release|Any CPU
	EndGlobalSection
	GlobalSection(ProjectConfigurationPlatforms) = postSolution
		{3BAC87A3-743F-4FC3-BD64-3DDF18720F90}.Debug|Any CPU.ActiveCfg = Debug|Any CPU
		{3BAC87A3-743F-4FC3-BD64-3DDF18720F90}.Debug|Any CPU.Build.0 = Debug|Any CPU
		{3BAC87A3-743F-4FC3-BD64-3DDF18720F90}.Release|Any CPU.ActiveCfg = Release|Any CPU
		{3BAC87A3-743F-4FC3-BD64-3DDF18720F90}.Release|Any CPU.Build.0 = Release|Any CPU
	EndGlobalSection
	GlobalSection(SolutionProperties) = preSolution
		HideSolutionNode = FALSE
	EndGlobalSection
	GlobalSection(ExtensibilityGlobals) = postSolution
		SolutionGuid = {ADD38DD8-F107-4A83-805A-DAA8C0768845}
	EndGlobalSection
EndGlobal
