
Microsoft Visual Studio Solution File, Format Version 12.00
# Visual Studio Version 16
VisualStudioVersion = 16.0.30907.101
MinimumVisualStudioVersion = 10.0.40219.1
Project("{FAE04EC0-301F-11D3-BF4B-00C04F79EFBC}") = "A024_ConpoundAssignment", "A024_ConpoundAssignment.csproj", "{F8B23285-9230-4D01-9CE4-8030796E0583}"
EndProject
Global
	GlobalSection(SolutionConfigurationPlatforms) = preSolution
		Debug|Any CPU = Debug|Any CPU
		Release|Any CPU = Release|Any CPU
	EndGlobalSection
	GlobalSection(ProjectConfigurationPlatforms) = postSolution
		{F8B23285-9230-4D01-9CE4-8030796E0583}.Debug|Any CPU.ActiveCfg = Debug|Any CPU
		{F8B23285-9230-4D01-9CE4-8030796E0583}.Debug|Any CPU.Build.0 = Debug|Any CPU
		{F8B23285-9230-4D01-9CE4-8030796E0583}.Release|Any CPU.ActiveCfg = Release|Any CPU
		{F8B23285-9230-4D01-9CE4-8030796E0583}.Release|Any CPU.Build.0 = Release|Any CPU
	EndGlobalSection
	GlobalSection(SolutionProperties) = preSolution
		HideSolutionNode = FALSE
	EndGlobalSection
	GlobalSection(ExtensibilityGlobals) = postSolution
		SolutionGuid = {61CAAC88-314D-420C-ACE5-6F2F58DA5E02}
	EndGlobalSection
EndGlobal
