
Microsoft Visual Studio Solution File, Format Version 12.00
# Visual Studio Version 16
VisualStudioVersion = 16.0.30907.101
MinimumVisualStudioVersion = 10.0.40219.1
Project("{FAE04EC0-301F-11D3-BF4B-00C04F79EFBC}") = "A097_UsingLinkedList", "A097_UsingLinkedList.csproj", "{84FA0AC2-D4AB-4CFA-AF0C-7FEDD4F27161}"
EndProject
Global
	GlobalSection(SolutionConfigurationPlatforms) = preSolution
		Debug|Any CPU = Debug|Any CPU
		Release|Any CPU = Release|Any CPU
	EndGlobalSection
	GlobalSection(ProjectConfigurationPlatforms) = postSolution
		{84FA0AC2-D4AB-4CFA-AF0C-7FEDD4F27161}.Debug|Any CPU.ActiveCfg = Debug|Any CPU
		{84FA0AC2-D4AB-4CFA-AF0C-7FEDD4F27161}.Debug|Any CPU.Build.0 = Debug|Any CPU
		{84FA0AC2-D4AB-4CFA-AF0C-7FEDD4F27161}.Release|Any CPU.ActiveCfg = Release|Any CPU
		{84FA0AC2-D4AB-4CFA-AF0C-7FEDD4F27161}.Release|Any CPU.Build.0 = Release|Any CPU
	EndGlobalSection
	GlobalSection(SolutionProperties) = preSolution
		HideSolutionNode = FALSE
	EndGlobalSection
	GlobalSection(ExtensibilityGlobals) = postSolution
		SolutionGuid = {72D8E8AE-0B4F-4095-A134-9D9EC19B0AD3}
	EndGlobalSection
EndGlobal
