
Microsoft Visual Studio Solution File, Format Version 12.00
# Visual Studio Version 16
VisualStudioVersion = 16.0.30907.101
MinimumVisualStudioVersion = 10.0.40219.1
Project("{FAE04EC0-301F-11D3-BF4B-00C04F79EFBC}") = "A092_MethodOverloading", "A092_MethodOverloading.csproj", "{7787E3D9-333F-436C-A5D1-545FADDBD881}"
EndProject
Global
	GlobalSection(SolutionConfigurationPlatforms) = preSolution
		Debug|Any CPU = Debug|Any CPU
		Release|Any CPU = Release|Any CPU
	EndGlobalSection
	GlobalSection(ProjectConfigurationPlatforms) = postSolution
		{7787E3D9-333F-436C-A5D1-545FADDBD881}.Debug|Any CPU.ActiveCfg = Debug|Any CPU
		{7787E3D9-333F-436C-A5D1-545FADDBD881}.Debug|Any CPU.Build.0 = Debug|Any CPU
		{7787E3D9-333F-436C-A5D1-545FADDBD881}.Release|Any CPU.ActiveCfg = Release|Any CPU
		{7787E3D9-333F-436C-A5D1-545FADDBD881}.Release|Any CPU.Build.0 = Release|Any CPU
	EndGlobalSection
	GlobalSection(SolutionProperties) = preSolution
		HideSolutionNode = FALSE
	EndGlobalSection
	GlobalSection(ExtensibilityGlobals) = postSolution
		SolutionGuid = {651CCB8E-BD31-46CE-90BC-AD0B2A208862}
	EndGlobalSection
EndGlobal
