
Microsoft Visual Studio Solution File, Format Version 12.00
# Visual Studio Version 16
VisualStudioVersion = 16.0.31005.135
MinimumVisualStudioVersion = 10.0.40219.1
Project("{FAE04EC0-301F-11D3-BF4B-00C04F79EFBC}") = "A143_GradeCalc", "A143_GradeCalc.csproj", "{BE1ED9F6-4457-4438-A782-BD1FE8AC8930}"
EndProject
Global
	GlobalSection(SolutionConfigurationPlatforms) = preSolution
		Debug|Any CPU = Debug|Any CPU
		Release|Any CPU = Release|Any CPU
	EndGlobalSection
	GlobalSection(ProjectConfigurationPlatforms) = postSolution
		{BE1ED9F6-4457-4438-A782-BD1FE8AC8930}.Debug|Any CPU.ActiveCfg = Debug|Any CPU
		{BE1ED9F6-4457-4438-A782-BD1FE8AC8930}.Debug|Any CPU.Build.0 = Debug|Any CPU
		{BE1ED9F6-4457-4438-A782-BD1FE8AC8930}.Release|Any CPU.ActiveCfg = Release|Any CPU
		{BE1ED9F6-4457-4438-A782-BD1FE8AC8930}.Release|Any CPU.Build.0 = Release|Any CPU
	EndGlobalSection
	GlobalSection(SolutionProperties) = preSolution
		HideSolutionNode = FALSE
	EndGlobalSection
	GlobalSection(ExtensibilityGlobals) = postSolution
		SolutionGuid = {0F3BEE26-BDF4-4EFF-8436-4BA6AB54BAB3}
	EndGlobalSection
EndGlobal
