
Microsoft Visual Studio Solution File, Format Version 12.00
# Visual Studio Version 16
VisualStudioVersion = 16.0.30907.101
MinimumVisualStudioVersion = 10.0.40219.1
Project("{FAE04EC0-301F-11D3-BF4B-00C04F79EFBC}") = "A074_PyramidMethod", "A074_PyramidMethod.csproj", "{1E082AA8-6902-40EE-AA30-E61729AD1226}"
EndProject
Global
	GlobalSection(SolutionConfigurationPlatforms) = preSolution
		Debug|Any CPU = Debug|Any CPU
		Release|Any CPU = Release|Any CPU
	EndGlobalSection
	GlobalSection(ProjectConfigurationPlatforms) = postSolution
		{1E082AA8-6902-40EE-AA30-E61729AD1226}.Debug|Any CPU.ActiveCfg = Debug|Any CPU
		{1E082AA8-6902-40EE-AA30-E61729AD1226}.Debug|Any CPU.Build.0 = Debug|Any CPU
		{1E082AA8-6902-40EE-AA30-E61729AD1226}.Release|Any CPU.ActiveCfg = Release|Any CPU
		{1E082AA8-6902-40EE-AA30-E61729AD1226}.Release|Any CPU.Build.0 = Release|Any CPU
	EndGlobalSection
	GlobalSection(SolutionProperties) = preSolution
		HideSolutionNode = FALSE
	EndGlobalSection
	GlobalSection(ExtensibilityGlobals) = postSolution
		SolutionGuid = {9DD09D1C-D12A-4B34-963A-A735F58E9A35}
	EndGlobalSection
EndGlobal
