
Microsoft Visual Studio Solution File, Format Version 12.00
# Visual Studio Version 16
VisualStudioVersion = 16.0.30907.101
MinimumVisualStudioVersion = 10.0.40219.1
Project("{FAE04EC0-301F-11D3-BF4B-00C04F79EFBC}") = "A094_GenericClass", "A094_GenericClass.csproj", "{52DF7907-1DDF-49EF-A75C-E061C69E63FC}"
EndProject
Global
	GlobalSection(SolutionConfigurationPlatforms) = preSolution
		Debug|Any CPU = Debug|Any CPU
		Release|Any CPU = Release|Any CPU
	EndGlobalSection
	GlobalSection(ProjectConfigurationPlatforms) = postSolution
		{52DF7907-1DDF-49EF-A75C-E061C69E63FC}.Debug|Any CPU.ActiveCfg = Debug|Any CPU
		{52DF7907-1DDF-49EF-A75C-E061C69E63FC}.Debug|Any CPU.Build.0 = Debug|Any CPU
		{52DF7907-1DDF-49EF-A75C-E061C69E63FC}.Release|Any CPU.ActiveCfg = Release|Any CPU
		{52DF7907-1DDF-49EF-A75C-E061C69E63FC}.Release|Any CPU.Build.0 = Release|Any CPU
	EndGlobalSection
	GlobalSection(SolutionProperties) = preSolution
		HideSolutionNode = FALSE
	EndGlobalSection
	GlobalSection(ExtensibilityGlobals) = postSolution
		SolutionGuid = {A63A4C5C-D264-4591-9878-14B30F4187F4}
	EndGlobalSection
EndGlobal
