
Microsoft Visual Studio Solution File, Format Version 12.00
# Visual Studio Version 16
VisualStudioVersion = 16.0.30907.101
MinimumVisualStudioVersion = 10.0.40219.1
Project("{FAE04EC0-301F-11D3-BF4B-00C04F79EFBC}") = "A093_GenericMethod", "A093_GenericMethod.csproj", "{37EC1558-502B-4AC3-8E02-956773BBE333}"
EndProject
Global
	GlobalSection(SolutionConfigurationPlatforms) = preSolution
		Debug|Any CPU = Debug|Any CPU
		Release|Any CPU = Release|Any CPU
	EndGlobalSection
	GlobalSection(ProjectConfigurationPlatforms) = postSolution
		{37EC1558-502B-4AC3-8E02-956773BBE333}.Debug|Any CPU.ActiveCfg = Debug|Any CPU
		{37EC1558-502B-4AC3-8E02-956773BBE333}.Debug|Any CPU.Build.0 = Debug|Any CPU
		{37EC1558-502B-4AC3-8E02-956773BBE333}.Release|Any CPU.ActiveCfg = Release|Any CPU
		{37EC1558-502B-4AC3-8E02-956773BBE333}.Release|Any CPU.Build.0 = Release|Any CPU
	EndGlobalSection
	GlobalSection(SolutionProperties) = preSolution
		HideSolutionNode = FALSE
	EndGlobalSection
	GlobalSection(ExtensibilityGlobals) = postSolution
		SolutionGuid = {FBF31197-F3E0-4B08-AD24-482E49CE2F9B}
	EndGlobalSection
EndGlobal
