
Microsoft Visual Studio Solution File, Format Version 12.00
# Visual Studio Version 16
VisualStudioVersion = 16.0.31005.135
MinimumVisualStudioVersion = 10.0.40219.1
Project("{FAE04EC0-301F-11D3-BF4B-00C04F79EFBC}") = "A110_Dictionary", "A110_Dictionary.csproj", "{4D1B0E1A-1E4E-48F6-BE26-401A36BA2074}"
EndProject
Global
	GlobalSection(SolutionConfigurationPlatforms) = preSolution
		Debug|Any CPU = Debug|Any CPU
		Release|Any CPU = Release|Any CPU
	EndGlobalSection
	GlobalSection(ProjectConfigurationPlatforms) = postSolution
		{4D1B0E1A-1E4E-48F6-BE26-401A36BA2074}.Debug|Any CPU.ActiveCfg = Debug|Any CPU
		{4D1B0E1A-1E4E-48F6-BE26-401A36BA2074}.Debug|Any CPU.Build.0 = Debug|Any CPU
		{4D1B0E1A-1E4E-48F6-BE26-401A36BA2074}.Release|Any CPU.ActiveCfg = Release|Any CPU
		{4D1B0E1A-1E4E-48F6-BE26-401A36BA2074}.Release|Any CPU.Build.0 = Release|Any CPU
	EndGlobalSection
	GlobalSection(SolutionProperties) = preSolution
		HideSolutionNode = FALSE
	EndGlobalSection
	GlobalSection(ExtensibilityGlobals) = postSolution
		SolutionGuid = {DD5E2D12-D525-45BE-AF3E-4921E1E4CDF5}
	EndGlobalSection
EndGlobal
