
Microsoft Visual Studio Solution File, Format Version 12.00
# Visual Studio Version 16
VisualStudioVersion = 16.0.31005.135
MinimumVisualStudioVersion = 10.0.40219.1
Project("{FAE04EC0-301F-11D3-BF4B-00C04F79EFBC}") = "A149_DateTimePicker", "A149_DateTimePicker.csproj", "{34E504F7-F06F-4CDE-9401-32E9CA64CE6B}"
EndProject
Global
	GlobalSection(SolutionConfigurationPlatforms) = preSolution
		Debug|Any CPU = Debug|Any CPU
		Release|Any CPU = Release|Any CPU
	EndGlobalSection
	GlobalSection(ProjectConfigurationPlatforms) = postSolution
		{34E504F7-F06F-4CDE-9401-32E9CA64CE6B}.Debug|Any CPU.ActiveCfg = Debug|Any CPU
		{34E504F7-F06F-4CDE-9401-32E9CA64CE6B}.Debug|Any CPU.Build.0 = Debug|Any CPU
		{34E504F7-F06F-4CDE-9401-32E9CA64CE6B}.Release|Any CPU.ActiveCfg = Release|Any CPU
		{34E504F7-F06F-4CDE-9401-32E9CA64CE6B}.Release|Any CPU.Build.0 = Release|Any CPU
	EndGlobalSection
	GlobalSection(SolutionProperties) = preSolution
		HideSolutionNode = FALSE
	EndGlobalSection
	GlobalSection(ExtensibilityGlobals) = postSolution
		SolutionGuid = {537F5457-F849-497C-A59A-A58AA8314879}
	EndGlobalSection
EndGlobal
