
Microsoft Visual Studio Solution File, Format Version 12.00
# Visual Studio Version 16
VisualStudioVersion = 16.0.30907.101
MinimumVisualStudioVersion = 10.0.40219.1
Project("{FAE04EC0-301F-11D3-BF4B-00C04F79EFBC}") = "A067_InstanceMethod", "A067_InstanceMethod.csproj", "{FCA19802-26C4-42E7-A415-984682DF88EB}"
EndProject
Global
	GlobalSection(SolutionConfigurationPlatforms) = preSolution
		Debug|Any CPU = Debug|Any CPU
		Release|Any CPU = Release|Any CPU
	EndGlobalSection
	GlobalSection(ProjectConfigurationPlatforms) = postSolution
		{FCA19802-26C4-42E7-A415-984682DF88EB}.Debug|Any CPU.ActiveCfg = Debug|Any CPU
		{FCA19802-26C4-42E7-A415-984682DF88EB}.Debug|Any CPU.Build.0 = Debug|Any CPU
		{FCA19802-26C4-42E7-A415-984682DF88EB}.Release|Any CPU.ActiveCfg = Release|Any CPU
		{FCA19802-26C4-42E7-A415-984682DF88EB}.Release|Any CPU.Build.0 = Release|Any CPU
	EndGlobalSection
	GlobalSection(SolutionProperties) = preSolution
		HideSolutionNode = FALSE
	EndGlobalSection
	GlobalSection(ExtensibilityGlobals) = postSolution
		SolutionGuid = {35E43FAB-975F-4730-93D6-47BED3A4BC5B}
	EndGlobalSection
EndGlobal
