
Microsoft Visual Studio Solution File, Format Version 12.00
# Visual Studio Version 16
VisualStudioVersion = 16.0.30907.101
MinimumVisualStudioVersion = 10.0.40219.1
Project("{FAE04EC0-301F-11D3-BF4B-00C04F79EFBC}") = "A080_RecursiveFactorial", "A080_RecursiveFactorial.csproj", "{38CB0B3A-6E1F-4E7A-9D77-9DD72D950308}"
EndProject
Global
	GlobalSection(SolutionConfigurationPlatforms) = preSolution
		Debug|Any CPU = Debug|Any CPU
		Release|Any CPU = Release|Any CPU
	EndGlobalSection
	GlobalSection(ProjectConfigurationPlatforms) = postSolution
		{38CB0B3A-6E1F-4E7A-9D77-9DD72D950308}.Debug|Any CPU.ActiveCfg = Debug|Any CPU
		{38CB0B3A-6E1F-4E7A-9D77-9DD72D950308}.Debug|Any CPU.Build.0 = Debug|Any CPU
		{38CB0B3A-6E1F-4E7A-9D77-9DD72D950308}.Release|Any CPU.ActiveCfg = Release|Any CPU
		{38CB0B3A-6E1F-4E7A-9D77-9DD72D950308}.Release|Any CPU.Build.0 = Release|Any CPU
	EndGlobalSection
	GlobalSection(SolutionProperties) = preSolution
		HideSolutionNode = FALSE
	EndGlobalSection
	GlobalSection(ExtensibilityGlobals) = postSolution
		SolutionGuid = {C49B232C-1B31-4E31-B062-A00B18A18213}
	EndGlobalSection
EndGlobal
