
Microsoft Visual Studio Solution File, Format Version 12.00
# Visual Studio Version 16
VisualStudioVersion = 16.0.30907.101
MinimumVisualStudioVersion = 10.0.40219.1
Project("{FAE04EC0-301F-11D3-BF4B-00C04F79EFBC}") = "A044_NumberSystem", "A044_NumberSystem.csproj", "{6DE20057-6A41-4A05-A99A-62ABDE12A962}"
EndProject
Global
	GlobalSection(SolutionConfigurationPlatforms) = preSolution
		Debug|Any CPU = Debug|Any CPU
		Release|Any CPU = Release|Any CPU
	EndGlobalSection
	GlobalSection(ProjectConfigurationPlatforms) = postSolution
		{6DE20057-6A41-4A05-A99A-62ABDE12A962}.Debug|Any CPU.ActiveCfg = Debug|Any CPU
		{6DE20057-6A41-4A05-A99A-62ABDE12A962}.Debug|Any CPU.Build.0 = Debug|Any CPU
		{6DE20057-6A41-4A05-A99A-62ABDE12A962}.Release|Any CPU.ActiveCfg = Release|Any CPU
		{6DE20057-6A41-4A05-A99A-62ABDE12A962}.Release|Any CPU.Build.0 = Release|Any CPU
	EndGlobalSection
	GlobalSection(SolutionProperties) = preSolution
		HideSolutionNode = FALSE
	EndGlobalSection
	GlobalSection(ExtensibilityGlobals) = postSolution
		SolutionGuid = {8224D40D-E433-4351-991E-382EBD045C0B}
	EndGlobalSection
EndGlobal
