
Microsoft Visual Studio Solution File, Format Version 12.00
# Visual Studio Version 16
VisualStudioVersion = 16.0.31005.135
MinimumVisualStudioVersion = 10.0.40219.1
Project("{FAE04EC0-301F-11D3-BF4B-00C04F79EFBC}") = "A164_WPF_DigitalClock", "A164_WPF_DigitalClock.csproj", "{8CECC415-D1BE-41CC-85F0-A5E6D764B8F9}"
EndProject
Global
	GlobalSection(SolutionConfigurationPlatforms) = preSolution
		Debug|Any CPU = Debug|Any CPU
		Release|Any CPU = Release|Any CPU
	EndGlobalSection
	GlobalSection(ProjectConfigurationPlatforms) = postSolution
		{8CECC415-D1BE-41CC-85F0-A5E6D764B8F9}.Debug|Any CPU.ActiveCfg = Debug|Any CPU
		{8CECC415-D1BE-41CC-85F0-A5E6D764B8F9}.Debug|Any CPU.Build.0 = Debug|Any CPU
		{8CECC415-D1BE-41CC-85F0-A5E6D764B8F9}.Release|Any CPU.ActiveCfg = Release|Any CPU
		{8CECC415-D1BE-41CC-85F0-A5E6D764B8F9}.Release|Any CPU.Build.0 = Release|Any CPU
	EndGlobalSection
	GlobalSection(SolutionProperties) = preSolution
		HideSolutionNode = FALSE
	EndGlobalSection
	GlobalSection(ExtensibilityGlobals) = postSolution
		SolutionGuid = {849772FA-525E-4B24-88CA-0B1DEB095888}
	EndGlobalSection
EndGlobal
