
Microsoft Visual Studio Solution File, Format Version 12.00
# Visual Studio Version 16
VisualStudioVersion = 16.0.31005.135
MinimumVisualStudioVersion = 10.0.40219.1
Project("{FAE04EC0-301F-11D3-BF4B-00C04F79EFBC}") = "A138_MaskedTextBox", "A138_MaskedTextBox.csproj", "{B46540FF-46A6-448C-A8EF-A4BD7C3AC80A}"
EndProject
Global
	GlobalSection(SolutionConfigurationPlatforms) = preSolution
		Debug|Any CPU = Debug|Any CPU
		Release|Any CPU = Release|Any CPU
	EndGlobalSection
	GlobalSection(ProjectConfigurationPlatforms) = postSolution
		{B46540FF-46A6-448C-A8EF-A4BD7C3AC80A}.Debug|Any CPU.ActiveCfg = Debug|Any CPU
		{B46540FF-46A6-448C-A8EF-A4BD7C3AC80A}.Debug|Any CPU.Build.0 = Debug|Any CPU
		{B46540FF-46A6-448C-A8EF-A4BD7C3AC80A}.Release|Any CPU.ActiveCfg = Release|Any CPU
		{B46540FF-46A6-448C-A8EF-A4BD7C3AC80A}.Release|Any CPU.Build.0 = Release|Any CPU
	EndGlobalSection
	GlobalSection(SolutionProperties) = preSolution
		HideSolutionNode = FALSE
	EndGlobalSection
	GlobalSection(ExtensibilityGlobals) = postSolution
		SolutionGuid = {8062F5E0-B904-41D1-8D3C-6A891872F2DB}
	EndGlobalSection
EndGlobal
