
Microsoft Visual Studio Solution File, Format Version 12.00
# Visual Studio Version 16
VisualStudioVersion = 16.0.31005.135
MinimumVisualStudioVersion = 10.0.40219.1
Project("{FAE04EC0-301F-11D3-BF4B-00C04F79EFBC}") = "A141_ComboBox", "A141_ComboBox.csproj", "{81AE9327-8254-4867-929E-8A773E8CFE4B}"
EndProject
Global
	GlobalSection(SolutionConfigurationPlatforms) = preSolution
		Debug|Any CPU = Debug|Any CPU
		Release|Any CPU = Release|Any CPU
	EndGlobalSection
	GlobalSection(ProjectConfigurationPlatforms) = postSolution
		{81AE9327-8254-4867-929E-8A773E8CFE4B}.Debug|Any CPU.ActiveCfg = Debug|Any CPU
		{81AE9327-8254-4867-929E-8A773E8CFE4B}.Debug|Any CPU.Build.0 = Debug|Any CPU
		{81AE9327-8254-4867-929E-8A773E8CFE4B}.Release|Any CPU.ActiveCfg = Release|Any CPU
		{81AE9327-8254-4867-929E-8A773E8CFE4B}.Release|Any CPU.Build.0 = Release|Any CPU
	EndGlobalSection
	GlobalSection(SolutionProperties) = preSolution
		HideSolutionNode = FALSE
	EndGlobalSection
	GlobalSection(ExtensibilityGlobals) = postSolution
		SolutionGuid = {B60B336B-588D-4043-850D-9C3671BDE785}
	EndGlobalSection
EndGlobal
