
Microsoft Visual Studio Solution File, Format Version 12.00
# Visual Studio Version 16
VisualStudioVersion = 16.0.30907.101
MinimumVisualStudioVersion = 10.0.40219.1
Project("{FAE04EC0-301F-11D3-BF4B-00C04F79EFBC}") = "A028_StringContains", "A028_StringContains.csproj", "{8B690817-8B5B-4618-89E5-C5A07B24539E}"
EndProject
Global
	GlobalSection(SolutionConfigurationPlatforms) = preSolution
		Debug|Any CPU = Debug|Any CPU
		Release|Any CPU = Release|Any CPU
	EndGlobalSection
	GlobalSection(ProjectConfigurationPlatforms) = postSolution
		{8B690817-8B5B-4618-89E5-C5A07B24539E}.Debug|Any CPU.ActiveCfg = Debug|Any CPU
		{8B690817-8B5B-4618-89E5-C5A07B24539E}.Debug|Any CPU.Build.0 = Debug|Any CPU
		{8B690817-8B5B-4618-89E5-C5A07B24539E}.Release|Any CPU.ActiveCfg = Release|Any CPU
		{8B690817-8B5B-4618-89E5-C5A07B24539E}.Release|Any CPU.Build.0 = Release|Any CPU
	EndGlobalSection
	GlobalSection(SolutionProperties) = preSolution
		HideSolutionNode = FALSE
	EndGlobalSection
	GlobalSection(ExtensibilityGlobals) = postSolution
		SolutionGuid = {7E88C831-A84B-4BA5-ABDE-7F56531AE13F}
	EndGlobalSection
EndGlobal
