
Microsoft Visual Studio Solution File, Format Version 12.00
# Visual Studio Version 16
VisualStudioVersion = 16.0.31005.135
MinimumVisualStudioVersion = 10.0.40219.1
Project("{FAE04EC0-301F-11D3-BF4B-00C04F79EFBC}") = "A126_FormWithConsole", "A126_FormWithConsole.csproj", "{BBCB0FE3-DE77-4FB8-8940-A4B0AE9CC22E}"
EndProject
Global
	GlobalSection(SolutionConfigurationPlatforms) = preSolution
		Debug|Any CPU = Debug|Any CPU
		Release|Any CPU = Release|Any CPU
	EndGlobalSection
	GlobalSection(ProjectConfigurationPlatforms) = postSolution
		{BBCB0FE3-DE77-4FB8-8940-A4B0AE9CC22E}.Debug|Any CPU.ActiveCfg = Debug|Any CPU
		{BBCB0FE3-DE77-4FB8-8940-A4B0AE9CC22E}.Debug|Any CPU.Build.0 = Debug|Any CPU
		{BBCB0FE3-DE77-4FB8-8940-A4B0AE9CC22E}.Release|Any CPU.ActiveCfg = Release|Any CPU
		{BBCB0FE3-DE77-4FB8-8940-A4B0AE9CC22E}.Release|Any CPU.Build.0 = Release|Any CPU
	EndGlobalSection
	GlobalSection(SolutionProperties) = preSolution
		HideSolutionNode = FALSE
	EndGlobalSection
	GlobalSection(ExtensibilityGlobals) = postSolution
		SolutionGuid = {AEEB77C7-1E43-461D-A6D7-A523900178E1}
	EndGlobalSection
EndGlobal
