
Microsoft Visual Studio Solution File, Format Version 12.00
# Visual Studio Version 16
VisualStudioVersion = 16.0.30907.101
MinimumVisualStudioVersion = 10.0.40219.1
Project("{FAE04EC0-301F-11D3-BF4B-00C04F79EFBC}") = "A023_ConditionalOperator", "A023_ConditionalOperator.csproj", "{48DA5191-691D-4C77-B765-40CE58F1035C}"
EndProject
Global
	GlobalSection(SolutionConfigurationPlatforms) = preSolution
		Debug|Any CPU = Debug|Any CPU
		Release|Any CPU = Release|Any CPU
	EndGlobalSection
	GlobalSection(ProjectConfigurationPlatforms) = postSolution
		{48DA5191-691D-4C77-B765-40CE58F1035C}.Debug|Any CPU.ActiveCfg = Debug|Any CPU
		{48DA5191-691D-4C77-B765-40CE58F1035C}.Debug|Any CPU.Build.0 = Debug|Any CPU
		{48DA5191-691D-4C77-B765-40CE58F1035C}.Release|Any CPU.ActiveCfg = Release|Any CPU
		{48DA5191-691D-4C77-B765-40CE58F1035C}.Release|Any CPU.Build.0 = Release|Any CPU
	EndGlobalSection
	GlobalSection(SolutionProperties) = preSolution
		HideSolutionNode = FALSE
	EndGlobalSection
	GlobalSection(ExtensibilityGlobals) = postSolution
		SolutionGuid = {74C35F7C-D771-4684-96D6-A5BBA27E0D4A}
	EndGlobalSection
EndGlobal
