
Microsoft Visual Studio Solution File, Format Version 12.00
# Visual Studio Version 16
VisualStudioVersion = 16.0.31005.135
MinimumVisualStudioVersion = 10.0.40219.1
Project("{FAE04EC0-301F-11D3-BF4B-00C04F79EFBC}") = "A160_WPF_SimpleCalc", "A160_WPF_SimpleCalc.csproj", "{00E90A36-146E-4B14-A94A-2A5837C21AB6}"
EndProject
Global
	GlobalSection(SolutionConfigurationPlatforms) = preSolution
		Debug|Any CPU = Debug|Any CPU
		Release|Any CPU = Release|Any CPU
	EndGlobalSection
	GlobalSection(ProjectConfigurationPlatforms) = postSolution
		{00E90A36-146E-4B14-A94A-2A5837C21AB6}.Debug|Any CPU.ActiveCfg = Debug|Any CPU
		{00E90A36-146E-4B14-A94A-2A5837C21AB6}.Debug|Any CPU.Build.0 = Debug|Any CPU
		{00E90A36-146E-4B14-A94A-2A5837C21AB6}.Release|Any CPU.ActiveCfg = Release|Any CPU
		{00E90A36-146E-4B14-A94A-2A5837C21AB6}.Release|Any CPU.Build.0 = Release|Any CPU
	EndGlobalSection
	GlobalSection(SolutionProperties) = preSolution
		HideSolutionNode = FALSE
	EndGlobalSection
	GlobalSection(ExtensibilityGlobals) = postSolution
		SolutionGuid = {0865B0AE-5C83-422D-8BC0-ED0F86C8DA13}
	EndGlobalSection
EndGlobal
