
Microsoft Visual Studio Solution File, Format Version 12.00
# Visual Studio Version 16
VisualStudioVersion = 16.0.31005.135
MinimumVisualStudioVersion = 10.0.40219.1
Project("{FAE04EC0-301F-11D3-BF4B-00C04F79EFBC}") = "A147_Timer", "A147_Timer.csproj", "{CEE03157-304B-484D-A982-94834763D6D7}"
EndProject
Global
	GlobalSection(SolutionConfigurationPlatforms) = preSolution
		Debug|Any CPU = Debug|Any CPU
		Release|Any CPU = Release|Any CPU
	EndGlobalSection
	GlobalSection(ProjectConfigurationPlatforms) = postSolution
		{CEE03157-304B-484D-A982-94834763D6D7}.Debug|Any CPU.ActiveCfg = Debug|Any CPU
		{CEE03157-304B-484D-A982-94834763D6D7}.Debug|Any CPU.Build.0 = Debug|Any CPU
		{CEE03157-304B-484D-A982-94834763D6D7}.Release|Any CPU.ActiveCfg = Release|Any CPU
		{CEE03157-304B-484D-A982-94834763D6D7}.Release|Any CPU.Build.0 = Release|Any CPU
	EndGlobalSection
	GlobalSection(SolutionProperties) = preSolution
		HideSolutionNode = FALSE
	EndGlobalSection
	GlobalSection(ExtensibilityGlobals) = postSolution
		SolutionGuid = {A56DD20F-1FFB-4AA7-846A-857E9D2C1625}
	EndGlobalSection
EndGlobal
