
Microsoft Visual Studio Solution File, Format Version 12.00
# Visual Studio Version 16
VisualStudioVersion = 16.0.31005.135
MinimumVisualStudioVersion = 10.0.40219.1
Project("{FAE04EC0-301F-11D3-BF4B-00C04F79EFBC}") = "A152_WMP", "A152_WMP.csproj", "{A5E1E6C4-2A9A-4EE1-A59A-B104F782224C}"
EndProject
Global
	GlobalSection(SolutionConfigurationPlatforms) = preSolution
		Debug|Any CPU = Debug|Any CPU
		Release|Any CPU = Release|Any CPU
	EndGlobalSection
	GlobalSection(ProjectConfigurationPlatforms) = postSolution
		{A5E1E6C4-2A9A-4EE1-A59A-B104F782224C}.Debug|Any CPU.ActiveCfg = Debug|Any CPU
		{A5E1E6C4-2A9A-4EE1-A59A-B104F782224C}.Debug|Any CPU.Build.0 = Debug|Any CPU
		{A5E1E6C4-2A9A-4EE1-A59A-B104F782224C}.Release|Any CPU.ActiveCfg = Release|Any CPU
		{A5E1E6C4-2A9A-4EE1-A59A-B104F782224C}.Release|Any CPU.Build.0 = Release|Any CPU
	EndGlobalSection
	GlobalSection(SolutionProperties) = preSolution
		HideSolutionNode = FALSE
	EndGlobalSection
	GlobalSection(ExtensibilityGlobals) = postSolution
		SolutionGuid = {97B16C2B-C5A1-4015-992B-76BE2795844A}
	EndGlobalSection
EndGlobal
