
Microsoft Visual Studio Solution File, Format Version 12.00
# Visual Studio Version 16
VisualStudioVersion = 16.0.30907.101
MinimumVisualStudioVersion = 10.0.40219.1
Project("{FAE04EC0-301F-11D3-BF4B-00C04F79EFBC}") = "A062_ArrayAndRandom", "A062_ArrayAndRandom.csproj", "{31834D2F-B4AE-4EDB-AFC3-7FEB5173EC8C}"
EndProject
Global
	GlobalSection(SolutionConfigurationPlatforms) = preSolution
		Debug|Any CPU = Debug|Any CPU
		Release|Any CPU = Release|Any CPU
	EndGlobalSection
	GlobalSection(ProjectConfigurationPlatforms) = postSolution
		{31834D2F-B4AE-4EDB-AFC3-7FEB5173EC8C}.Debug|Any CPU.ActiveCfg = Debug|Any CPU
		{31834D2F-B4AE-4EDB-AFC3-7FEB5173EC8C}.Debug|Any CPU.Build.0 = Debug|Any CPU
		{31834D2F-B4AE-4EDB-AFC3-7FEB5173EC8C}.Release|Any CPU.ActiveCfg = Release|Any CPU
		{31834D2F-B4AE-4EDB-AFC3-7FEB5173EC8C}.Release|Any CPU.Build.0 = Release|Any CPU
	EndGlobalSection
	GlobalSection(SolutionProperties) = preSolution
		HideSolutionNode = FALSE
	EndGlobalSection
	GlobalSection(ExtensibilityGlobals) = postSolution
		SolutionGuid = {FF22E974-139E-4AD5-B8C6-13472A00920E}
	EndGlobalSection
EndGlobal
